
Microsoft Visual Studio Solution File, Format Version 12.00
# Visual Studio Version 17
VisualStudioVersion = 17.5.33502.453
MinimumVisualStudioVersion = 10.0.40219.1
Project("{FAE04EC0-301F-11D3-BF4B-00C04F79EFBC}") = "Appservice-MVC-SampleApp1", "Appservice-MVC-SampleApp1\Appservice-MVC-SampleApp1.csproj", "{0E267B90-2557-480E-BC9D-64B5AD70F03B}"
EndProject
Global
	GlobalSection(SolutionConfigurationPlatforms) = preSolution
		Debug|Any CPU = Debug|Any CPU
		Release|Any CPU = Release|Any CPU
	EndGlobalSection
	GlobalSection(ProjectConfigurationPlatforms) = postSolution
		{0E267B90-2557-480E-BC9D-64B5AD70F03B}.Debug|Any CPU.ActiveCfg = Debug|Any CPU
		{0E267B90-2557-480E-BC9D-64B5AD70F03B}.Debug|Any CPU.Build.0 = Debug|Any CPU
		{0E267B90-2557-480E-BC9D-64B5AD70F03B}.Release|Any CPU.ActiveCfg = Release|Any CPU
		{0E267B90-2557-480E-BC9D-64B5AD70F03B}.Release|Any CPU.Build.0 = Release|Any CPU
	EndGlobalSection
	GlobalSection(SolutionProperties) = preSolution
		HideSolutionNode = FALSE
	EndGlobalSection
	GlobalSection(ExtensibilityGlobals) = postSolution
		SolutionGuid = {55F34A53-9186-417A-9128-05C4E6680DC0}
	EndGlobalSection
EndGlobal
